
Microsoft Visual Studio Solution File, Format Version 12.00
# Visual Studio 14
VisualStudioVersion = 14.0.24720.0
MinimumVisualStudioVersion = 10.0.40219.1
Project("{2150E333-8FDC-42A3-9474-1A3956D46DE8}") = ".nuget", ".nuget", "{0562E068-70B8-410C-91FD-639EAA4D3E48}"
	ProjectSection(SolutionItems) = preProject
		.nuget\NuGet.Config = .nuget\NuGet.Config
		.nuget\NuGet.exe = .nuget\NuGet.exe
		.nuget\NuGet.targets = .nuget\NuGet.targets
	EndProjectSection
EndProject
Project("{2150E333-8FDC-42A3-9474-1A3956D46DE8}") = "Modules", "Modules", "{E9661339-81E6-421F-968F-204D9072EEC4}"
EndProject
Project("{2150E333-8FDC-42A3-9474-1A3956D46DE8}") = "DataContainers", "DataContainers", "{C86CD077-A920-4B20-9F8F-7E48485B4614}"
EndProject
Project("{FAE04EC0-301F-11D3-BF4B-00C04F79EFBC}") = "FBDB", "Modules\DataContainers\FBDB\FBDB.csproj", "{78B983BA-0346-4352-AAE2-799F0E0AB0F8}"
EndProject
Project("{2150E333-8FDC-42A3-9474-1A3956D46DE8}") = "PreviewContainers", "PreviewContainers", "{293F52B6-B387-41B6-BC3B-170F627AA514}"
EndProject
Project("{FAE04EC0-301F-11D3-BF4B-00C04F79EFBC}") = "FBDBP", "Modules\PreviewContainers\FBDBP\FBDBP.csproj", "{A9159B9E-99AA-4440-B790-7153A202E25C}"
EndProject
Project("{2150E333-8FDC-42A3-9474-1A3956D46DE8}") = "Parsers", "Parsers", "{44AAC6F8-1F1D-45C7-AF74-3EEACC3F10FA}"
EndProject
Project("{FAE04EC0-301F-11D3-BF4B-00C04F79EFBC}") = "JsonDApi", "Modules\Parsers\json\JsonDApi.csproj", "{DAEC54BE-7032-4C3E-BCA9-FE91E7BC3608}"
EndProject
Project("{FAE04EC0-301F-11D3-BF4B-00C04F79EFBC}") = "RegEx", "Modules\Parsers\regexp\RegEx.csproj", "{1A70A71E-B4C7-4E31-9EF8-3F6F1C06797D}"
EndProject
Project("{FAE04EC0-301F-11D3-BF4B-00C04F79EFBC}") = "XmlDApi", "Modules\Parsers\xml\XmlDApi.csproj", "{7CCDBAAB-50F1-45AD-9D27-815AED76FD8B}"
EndProject
Project("{2150E333-8FDC-42A3-9474-1A3956D46DE8}") = "Managers", "Managers", "{B4C81623-9841-4954-A09C-6B469FF5D0AB}"
EndProject
Project("{FAE04EC0-301F-11D3-BF4B-00C04F79EFBC}") = "BaseHttpManager", "Modules\Managers\BaseHttpManager\BaseHttpManager.csproj", "{86019D16-E171-4D8A-A2EE-4D8F514195AE}"
EndProject
Project("{2150E333-8FDC-42A3-9474-1A3956D46DE8}") = "PageGenerators", "PageGenerators", "{35D24614-954F-485E-ACDE-0E68A1E5A891}"
EndProject
Project("{FAE04EC0-301F-11D3-BF4B-00C04F79EFBC}") = "PageEnumerator", "Modules\PageGenerators\PageEnumerator\PageEnumerator.csproj", "{37B9DE86-D8BF-4A12-AF14-C2AAC3F3E922}"
EndProject
Project("{2150E333-8FDC-42A3-9474-1A3956D46DE8}") = "Loaders", "Loaders", "{3494DA43-A23D-418D-9AAD-61399547D9D6}"
EndProject
Project("{FAE04EC0-301F-11D3-BF4B-00C04F79EFBC}") = "HttpDataLoader", "Modules\Loaders\HttpDataLoader\HttpDataLoader.csproj", "{F51EBBCA-F752-4E7D-AB89-5463AD09180F}"
EndProject
Project("{FAE04EC0-301F-11D3-BF4B-00C04F79EFBC}") = "Booru.Core.Utils", "Booru.Core.Utils\Booru.Core.Utils.csproj", "{E87FE50C-D466-4704-BE2E-CBD00B1F526E}"
EndProject
Project("{FAE04EC0-301F-11D3-BF4B-00C04F79EFBC}") = "BooruViewer", "BooruViewer\BooruViewer.csproj", "{D7F32D24-8DA8-499B-B56C-5741CC5DE0C8}"
EndProject
Project("{FAE04EC0-301F-11D3-BF4B-00C04F79EFBC}") = "Booru.Core", "Booru.Core\Booru.Core.csproj", "{AA1129B4-A763-4D2A-8A7E-6D82AB7033D3}"
EndProject
Project("{FAE04EC0-301F-11D3-BF4B-00C04F79EFBC}") = "Booru.Classes", "Booru.Classes\Booru.Classes.csproj", "{A6DFB1AA-306B-4466-89C3-564CD3EB88E9}"
EndProject
Project("{FAE04EC0-301F-11D3-BF4B-00C04F79EFBC}") = "Booru.Base", "Booru.Base\Booru.Base.csproj", "{7CBAE0E3-AC1B-4A32-B048-BE529339897A}"
EndProject
Project("{FAE04EC0-301F-11D3-BF4B-00C04F79EFBC}") = "Booru.Ui", "Booru.Ui\Booru.Ui.csproj", "{D3D6F095-F7FA-4317-9863-B2024DC26495}"
EndProject
Global
	GlobalSection(SolutionConfigurationPlatforms) = preSolution
		Debug|Any CPU = Debug|Any CPU
		Release|Any CPU = Release|Any CPU
	EndGlobalSection
	GlobalSection(ProjectConfigurationPlatforms) = postSolution
		{78B983BA-0346-4352-AAE2-799F0E0AB0F8}.Debug|Any CPU.ActiveCfg = Debug|Any CPU
		{78B983BA-0346-4352-AAE2-799F0E0AB0F8}.Debug|Any CPU.Build.0 = Debug|Any CPU
		{78B983BA-0346-4352-AAE2-799F0E0AB0F8}.Release|Any CPU.ActiveCfg = Release|Any CPU
		{78B983BA-0346-4352-AAE2-799F0E0AB0F8}.Release|Any CPU.Build.0 = Release|Any CPU
		{A9159B9E-99AA-4440-B790-7153A202E25C}.Debug|Any CPU.ActiveCfg = Debug|Any CPU
		{A9159B9E-99AA-4440-B790-7153A202E25C}.Debug|Any CPU.Build.0 = Debug|Any CPU
		{A9159B9E-99AA-4440-B790-7153A202E25C}.Release|Any CPU.ActiveCfg = Release|Any CPU
		{A9159B9E-99AA-4440-B790-7153A202E25C}.Release|Any CPU.Build.0 = Release|Any CPU
		{DAEC54BE-7032-4C3E-BCA9-FE91E7BC3608}.Debug|Any CPU.ActiveCfg = Debug|Any CPU
		{DAEC54BE-7032-4C3E-BCA9-FE91E7BC3608}.Debug|Any CPU.Build.0 = Debug|Any CPU
		{DAEC54BE-7032-4C3E-BCA9-FE91E7BC3608}.Release|Any CPU.ActiveCfg = Release|Any CPU
		{DAEC54BE-7032-4C3E-BCA9-FE91E7BC3608}.Release|Any CPU.Build.0 = Release|Any CPU
		{1A70A71E-B4C7-4E31-9EF8-3F6F1C06797D}.Debug|Any CPU.ActiveCfg = Debug|Any CPU
		{1A70A71E-B4C7-4E31-9EF8-3F6F1C06797D}.Debug|Any CPU.Build.0 = Debug|Any CPU
		{1A70A71E-B4C7-4E31-9EF8-3F6F1C06797D}.Release|Any CPU.ActiveCfg = Release|Any CPU
		{1A70A71E-B4C7-4E31-9EF8-3F6F1C06797D}.Release|Any CPU.Build.0 = Release|Any CPU
		{7CCDBAAB-50F1-45AD-9D27-815AED76FD8B}.Debug|Any CPU.ActiveCfg = Debug|Any CPU
		{7CCDBAAB-50F1-45AD-9D27-815AED76FD8B}.Debug|Any CPU.Build.0 = Debug|Any CPU
		{7CCDBAAB-50F1-45AD-9D27-815AED76FD8B}.Release|Any CPU.ActiveCfg = Release|Any CPU
		{7CCDBAAB-50F1-45AD-9D27-815AED76FD8B}.Release|Any CPU.Build.0 = Release|Any CPU
		{86019D16-E171-4D8A-A2EE-4D8F514195AE}.Debug|Any CPU.ActiveCfg = Debug|Any CPU
		{86019D16-E171-4D8A-A2EE-4D8F514195AE}.Debug|Any CPU.Build.0 = Debug|Any CPU
		{86019D16-E171-4D8A-A2EE-4D8F514195AE}.Release|Any CPU.ActiveCfg = Release|Any CPU
		{86019D16-E171-4D8A-A2EE-4D8F514195AE}.Release|Any CPU.Build.0 = Release|Any CPU
		{37B9DE86-D8BF-4A12-AF14-C2AAC3F3E922}.Debug|Any CPU.ActiveCfg = Debug|Any CPU
		{37B9DE86-D8BF-4A12-AF14-C2AAC3F3E922}.Debug|Any CPU.Build.0 = Debug|Any CPU
		{37B9DE86-D8BF-4A12-AF14-C2AAC3F3E922}.Release|Any CPU.ActiveCfg = Release|Any CPU
		{37B9DE86-D8BF-4A12-AF14-C2AAC3F3E922}.Release|Any CPU.Build.0 = Release|Any CPU
		{F51EBBCA-F752-4E7D-AB89-5463AD09180F}.Debug|Any CPU.ActiveCfg = Debug|Any CPU
		{F51EBBCA-F752-4E7D-AB89-5463AD09180F}.Debug|Any CPU.Build.0 = Debug|Any CPU
		{F51EBBCA-F752-4E7D-AB89-5463AD09180F}.Release|Any CPU.ActiveCfg = Release|Any CPU
		{F51EBBCA-F752-4E7D-AB89-5463AD09180F}.Release|Any CPU.Build.0 = Release|Any CPU
		{E87FE50C-D466-4704-BE2E-CBD00B1F526E}.Debug|Any CPU.ActiveCfg = Debug|Any CPU
		{E87FE50C-D466-4704-BE2E-CBD00B1F526E}.Debug|Any CPU.Build.0 = Debug|Any CPU
		{E87FE50C-D466-4704-BE2E-CBD00B1F526E}.Release|Any CPU.ActiveCfg = Release|Any CPU
		{E87FE50C-D466-4704-BE2E-CBD00B1F526E}.Release|Any CPU.Build.0 = Release|Any CPU
		{D7F32D24-8DA8-499B-B56C-5741CC5DE0C8}.Debug|Any CPU.ActiveCfg = Debug|Any CPU
		{D7F32D24-8DA8-499B-B56C-5741CC5DE0C8}.Debug|Any CPU.Build.0 = Debug|Any CPU
		{D7F32D24-8DA8-499B-B56C-5741CC5DE0C8}.Release|Any CPU.ActiveCfg = Release|Any CPU
		{D7F32D24-8DA8-499B-B56C-5741CC5DE0C8}.Release|Any CPU.Build.0 = Release|Any CPU
		{AA1129B4-A763-4D2A-8A7E-6D82AB7033D3}.Debug|Any CPU.ActiveCfg = Debug|Any CPU
		{AA1129B4-A763-4D2A-8A7E-6D82AB7033D3}.Debug|Any CPU.Build.0 = Debug|Any CPU
		{AA1129B4-A763-4D2A-8A7E-6D82AB7033D3}.Release|Any CPU.ActiveCfg = Release|Any CPU
		{AA1129B4-A763-4D2A-8A7E-6D82AB7033D3}.Release|Any CPU.Build.0 = Release|Any CPU
		{A6DFB1AA-306B-4466-89C3-564CD3EB88E9}.Debug|Any CPU.ActiveCfg = Debug|Any CPU
		{A6DFB1AA-306B-4466-89C3-564CD3EB88E9}.Debug|Any CPU.Build.0 = Debug|Any CPU
		{A6DFB1AA-306B-4466-89C3-564CD3EB88E9}.Release|Any CPU.ActiveCfg = Release|Any CPU
		{A6DFB1AA-306B-4466-89C3-564CD3EB88E9}.Release|Any CPU.Build.0 = Release|Any CPU
		{7CBAE0E3-AC1B-4A32-B048-BE529339897A}.Debug|Any CPU.ActiveCfg = Debug|Any CPU
		{7CBAE0E3-AC1B-4A32-B048-BE529339897A}.Debug|Any CPU.Build.0 = Debug|Any CPU
		{7CBAE0E3-AC1B-4A32-B048-BE529339897A}.Release|Any CPU.ActiveCfg = Release|Any CPU
		{7CBAE0E3-AC1B-4A32-B048-BE529339897A}.Release|Any CPU.Build.0 = Release|Any CPU
		{D3D6F095-F7FA-4317-9863-B2024DC26495}.Debug|Any CPU.ActiveCfg = Debug|Any CPU
		{D3D6F095-F7FA-4317-9863-B2024DC26495}.Debug|Any CPU.Build.0 = Debug|Any CPU
		{D3D6F095-F7FA-4317-9863-B2024DC26495}.Release|Any CPU.ActiveCfg = Release|Any CPU
		{D3D6F095-F7FA-4317-9863-B2024DC26495}.Release|Any CPU.Build.0 = Release|Any CPU
	EndGlobalSection
	GlobalSection(SolutionProperties) = preSolution
		HideSolutionNode = FALSE
	EndGlobalSection
	GlobalSection(NestedProjects) = preSolution
		{C86CD077-A920-4B20-9F8F-7E48485B4614} = {E9661339-81E6-421F-968F-204D9072EEC4}
		{78B983BA-0346-4352-AAE2-799F0E0AB0F8} = {C86CD077-A920-4B20-9F8F-7E48485B4614}
		{293F52B6-B387-41B6-BC3B-170F627AA514} = {E9661339-81E6-421F-968F-204D9072EEC4}
		{A9159B9E-99AA-4440-B790-7153A202E25C} = {293F52B6-B387-41B6-BC3B-170F627AA514}
		{44AAC6F8-1F1D-45C7-AF74-3EEACC3F10FA} = {E9661339-81E6-421F-968F-204D9072EEC4}
		{DAEC54BE-7032-4C3E-BCA9-FE91E7BC3608} = {44AAC6F8-1F1D-45C7-AF74-3EEACC3F10FA}
		{1A70A71E-B4C7-4E31-9EF8-3F6F1C06797D} = {44AAC6F8-1F1D-45C7-AF74-3EEACC3F10FA}
		{7CCDBAAB-50F1-45AD-9D27-815AED76FD8B} = {44AAC6F8-1F1D-45C7-AF74-3EEACC3F10FA}
		{B4C81623-9841-4954-A09C-6B469FF5D0AB} = {E9661339-81E6-421F-968F-204D9072EEC4}
		{86019D16-E171-4D8A-A2EE-4D8F514195AE} = {B4C81623-9841-4954-A09C-6B469FF5D0AB}
		{35D24614-954F-485E-ACDE-0E68A1E5A891} = {E9661339-81E6-421F-968F-204D9072EEC4}
		{37B9DE86-D8BF-4A12-AF14-C2AAC3F3E922} = {35D24614-954F-485E-ACDE-0E68A1E5A891}
		{3494DA43-A23D-418D-9AAD-61399547D9D6} = {E9661339-81E6-421F-968F-204D9072EEC4}
		{F51EBBCA-F752-4E7D-AB89-5463AD09180F} = {3494DA43-A23D-418D-9AAD-61399547D9D6}
	EndGlobalSection
EndGlobal
